<Solution>
  <Project Path="src/SteamInputAddonforClaw/SteamInputAddonforClaw.csproj" />
  <Project Path="src/SteamInputAddonforClaw.CenterMHelper/SteamInputAddonforClaw.CenterMHelper.csproj" />
  <Project Path="src/SteamInputAddonforClaw.Contracts/SteamInputAddonforClaw.Contracts.csproj" />
  <Project Path="src/SteamInputAddonforClaw.FrontendTransport/SteamInputAddonforClaw.FrontendTransport.csproj" />
  <Project Path="src/SteamInputAddonforClaw.UI/SteamInputAddonforClaw.UI.csproj" />
  <Project Path="tests/SteamInputAddonforClaw.Tests/SteamInputAddonforClaw.Tests.csproj" />
</Solution>
